schema: '2.0'
stages:
  valence-ground-truth:
    cmd: python stages/ml/valence_ground_truth.py
    deps:
    - path: data/aux/valence-ground-truth.json.gz
      hash: md5
      md5: 832d9253adb5ea60bb4fe7654054ac25
      size: 266934
    - path: stages/ml/valence_ground_truth.py
      hash: md5
      md5: 9fc0a358d848c947b24bf9c03930d18c
      size: 1337
    outs:
    - path: data/proc/gpt/valence-ground-truth.parquet
      hash: md5
      md5: 9c5a88a0adeef2dc6ebb339bc3fd1670
      size: 70213
  valence-experiment-requests:
    cmd: python stages/ml/valence_gpt_experiment_requests.py
    deps:
    - path: data/proc/gpt/valence-ground-truth.parquet
      hash: md5
      md5: 9c5a88a0adeef2dc6ebb339bc3fd1670
      size: 70213
    - path: stages/ml/valence_gpt_experiment_requests.py
      hash: md5
      md5: 7bd39ee5d575dc7b569b38e84a26d25f
      size: 2974
    params:
      params.yaml:
        gpt.valence.experiment:
          params:
            gpt-5:
              model:
              - gpt-5
              - gpt-5-mini
              - gpt-5-nano
              reasoning:
              - effort: minimal
              - effort: low
              - effort: medium
              - effort: high
              text:
              - verbosity: low
            gpt-4.1:
              model:
              - gpt-4.1
              - gpt-4.1-mini
              - gpt-4.1-nano
              temperature:
              - 0.0
          prompts:
          - valence.md
          - event.md
          - sentiment.md
          header:
            method: POST
            url: /v1/responses
          batch_size: 2500
    outs:
    - path: data/proc/gpt/valence-experiment-requests.jsonl.gz
      hash: md5
      md5: c6d15b995e13524246553ebbda468ce2
      size: 4118008
  valence-experiment-jobs:
    cmd: python stages/ml/valence_gpt_experiment_jobs.py
    deps:
    - path: data/proc/gpt/valence-experiment-requests.jsonl.gz
      hash: md5
      md5: c6d15b995e13524246553ebbda468ce2
      size: 4118008
    - path: stages/ml/valence_gpt_experiment_jobs.py
      hash: md5
      md5: 7ec00ad045c4edfd2b7831c5ac453ba0
      size: 4322
    params:
      params.yaml:
        gpt.valence.experiment:
          params:
            gpt-5:
              model:
              - gpt-5
              - gpt-5-mini
              - gpt-5-nano
              reasoning:
              - effort: minimal
              - effort: low
              - effort: medium
              - effort: high
              text:
              - verbosity: low
            gpt-4.1:
              model:
              - gpt-4.1
              - gpt-4.1-mini
              - gpt-4.1-nano
              temperature:
              - 0.0
          prompts:
          - valence.md
          - event.md
          - sentiment.md
          header:
            method: POST
            url: /v1/responses
          batch_size: 2500
    outs:
    - path: data/proc/gpt/valence-experiment-jobs.jsonl.gz
      hash: md5
      md5: 99eec3c76a44a296c19bdf57a1e0ceca
      size: 1033
  valence-experiment-responses:
    cmd: python stages/ml/valence_gpt_experiment_responses.py
    deps:
    - path: data/proc/gpt/valence-experiment-jobs.jsonl.gz
      hash: md5
      md5: 99eec3c76a44a296c19bdf57a1e0ceca
      size: 1033
    - path: stages/ml/valence_gpt_experiment_responses.py
      hash: md5
      md5: e112e36edb4d92c795a6fa2eded887e1
      size: 2635
    outs:
    - path: data/proc/gpt/valence-experiment-responses.jsonl.gz
      hash: md5
      md5: 03edaeb32515f0ae16ff02d2115524f6
      size: 3762351
  valence-experiment-output:
    cmd: python stages/ml/valence_gpt_experiment_output.py
    deps:
    - path: data/proc/gpt/valence-experiment-responses.jsonl.gz
      hash: md5
      md5: 03edaeb32515f0ae16ff02d2115524f6
      size: 3762351
    - path: stages/ml/valence_gpt_experiment_output.py
      hash: md5
      md5: d390ea6c7c06c206519c2fa847b89c73
      size: 3328
    outs:
    - path: data/proc/gpt/valence-experiment.parquet
      hash: md5
      md5: 04afdb8de611fc4dcb43d9a969839059
      size: 17567
  posts:
    cmd: python stages/posts.py
    deps:
    - path: data/raw/posts/
      hash: md5
      md5: 7fd19c9db903de2885ce7570019a723a.dir
      size: 904062817
      nfiles: 6
    - path: stages/posts.py
      hash: md5
      md5: c61789dd90cc90cee725d7f03c00ca10
      size: 3094
    params:
      params.yaml:
        posts:
          start_date: '2020-01-01'
          end_date: '2024-04-01'
    outs:
    - path: data/proc/posts-text.parquet
      hash: md5
      md5: 14d94c180ca204d0ce849c0db6007afc
      size: 895953559
    - path: data/proc/posts.parquet
      hash: md5
      md5: f9a2b9acda243c225a9430fa00595db2
      size: 142110678
  daily-counts:
    cmd: python stages/daily_counts.py
    deps:
    - path: data/proc/posts.parquet
      hash: md5
      md5: f9a2b9acda243c225a9430fa00595db2
      size: 142110678
    - path: stages/daily_counts.py
      hash: md5
      md5: a3c81cadde1a32033856f75e5323745d
      size: 1613
    params:
      params.yaml:
        dataset.min_posts_per_day: 2
    outs:
    - path: data/proc/daily-counts.parquet
      hash: md5
      md5: 59059a5d1bdcc4856367aa8a187e81af
      size: 145666
  dataset:
    cmd: python stages/dataset.py
    deps:
    - path: data/proc/daily-counts.parquet
      hash: md5
      md5: 59059a5d1bdcc4856367aa8a187e81af
      size: 145666
    - path: data/proc/posts.parquet
      hash: md5
      md5: f9a2b9acda243c225a9430fa00595db2
      size: 142110678
    - path: stages/dataset.py
      hash: md5
      md5: 40e416e29947a425e5167e250dbe3ab5
      size: 1718
    params:
      params.yaml:
        dataset.min_posts_per_day: 2
    outs:
    - path: data/proc/data-quality.parquet
      hash: md5
      md5: af10e5157e056211ce82793b2acf2bf8
      size: 6753
    - path: data/proc/dataset.parquet
      hash: md5
      md5: 57f50334b0d4b35a80efbed31627e99a
      size: 142197177
  political-classify:
    cmd: python stages/ml/political_classify.py
    deps:
    - path: data/proc/posts-text.parquet
      hash: md5
      md5: 14d94c180ca204d0ce849c0db6007afc
      size: 895953559
    - path: data/proc/posts.parquet
      hash: md5
      md5: f9a2b9acda243c225a9430fa00595db2
      size: 142110678
    - path: stages/ml/political_classify.py
      hash: md5
      md5: 12ebc191ea9046b976e87aa0e38de657
      size: 1583
    outs:
    - path: data/proc/cls-political.parquet
      hash: md5
      md5: 9f196269ecdb0f9bc2627534c28c13a0
      size: 64940422
  valence-requests:
    cmd: python stages/ml/valence_gpt_requests.py
    deps:
    - path: data/proc/cls-political.parquet
      hash: md5
      md5: 9f196269ecdb0f9bc2627534c28c13a0
      size: 64940422
    - path: data/proc/dataset.parquet
      hash: md5
      md5: 57f50334b0d4b35a80efbed31627e99a
      size: 142197177
    - path: data/proc/posts-text.parquet
      hash: md5
      md5: 14d94c180ca204d0ce849c0db6007afc
      size: 895953559
    - path: ml/prompts/valence/valence.md
      hash: md5
      md5: cf2c16b1e6cf4ed763a5387da567c2b8
      size: 3541
    - path: stages/ml/valence_gpt_requests.py
      hash: md5
      md5: f777a0997bf778915781fd7f24c23997
      size: 2951
    params:
      params.yaml:
        gpt.valence.batch:
          params:
            model: gpt-5
            reasoning: &id001
              effort: medium
            text: &id002
              verbosity: medium
          header:
            method: POST
            url: /v1/responses
          batch_size: 2500
          sample:
            size_per_group: 2000
            min_words: 5
            countries: []
            political:
            - OTHER
            - POLITICAL
            seed: 535017
          targets:
            event:
              model: gpt-5
              reasoning: *id001
              text: *id002
            sentiment:
              model: gpt-5
              reasoning: *id001
              text: *id002
    outs:
    - path: data/proc/gpt/valence-requests.jsonl.gz
      hash: md5
      md5: d2dc78d47ca61f6ac36db1b562b2a255
      size: 4378662
  valence-jobs:
    cmd: python stages/ml/valence_gpt_jobs.py
    deps:
    - path: data/proc/gpt/valence-requests.jsonl.gz
      hash: md5
      md5: d2dc78d47ca61f6ac36db1b562b2a255
      size: 4378662
    - path: stages/ml/valence_gpt_jobs.py
      hash: md5
      md5: 32fd5c90dcce6c57b666c2e30c523234
      size: 3805
    params:
      params.yaml:
        gpt.valence.batch:
          params:
            model: gpt-5
            reasoning: &id003
              effort: medium
            text: &id004
              verbosity: medium
          header:
            method: POST
            url: /v1/responses
          batch_size: 2500
          sample:
            size_per_group: 2000
            min_words: 5
            countries: []
            political:
            - OTHER
            - POLITICAL
            seed: 535017
          targets:
            event:
              model: gpt-5
              reasoning: *id003
              text: *id004
            sentiment:
              model: gpt-5
              reasoning: *id003
              text: *id004
    outs:
    - path: data/proc/gpt/valence-jobs.jsonl.gz
      hash: md5
      md5: d7be6aa564084d2c7b15c6e8eb413a53
      size: 526
  valence-responses:
    cmd: python stages/ml/valence_gpt_responses.py
    deps:
    - path: data/proc/gpt/valence-jobs.jsonl.gz
      hash: md5
      md5: d7be6aa564084d2c7b15c6e8eb413a53
      size: 526
    - path: stages/ml/valence_gpt_responses.py
      hash: md5
      md5: 6bb3d8929704a0a08b87e2053cb15a24
      size: 2466
    outs:
    - path: data/proc/gpt/valence-responses.jsonl.gz
      hash: md5
      md5: 4e268360ed85ea9a4a227d59660dd923
      size: 4056678
  valence-output:
    cmd: python stages/ml/valence_gpt_output.py
    deps:
    - path: data/proc/gpt/valence-responses.jsonl.gz
      hash: md5
      md5: 4e268360ed85ea9a4a227d59660dd923
      size: 4056678
    - path: stages/ml/valence_gpt_output.py
      hash: md5
      md5: 8a5e526cd0bc71dc1d047fdd894e7f17
      size: 1420
    outs:
    - path: data/proc/gpt/valence.parquet
      hash: md5
      md5: d8cfe8fec4558be2ce2b811fc57c0a33
      size: 246585
  valence-dataset:
    cmd: python stages/ml/valence_dataset.py
    deps:
    - path: data/proc/gpt/valence-ground-truth.parquet
      hash: md5
      md5: 9c5a88a0adeef2dc6ebb339bc3fd1670
      size: 70213
    - path: data/proc/gpt/valence-requests.jsonl.gz
      hash: md5
      md5: d2dc78d47ca61f6ac36db1b562b2a255
      size: 4378662
    - path: data/proc/gpt/valence.parquet
      hash: md5
      md5: d8cfe8fec4558be2ce2b811fc57c0a33
      size: 246585
    - path: stages/ml/valence_dataset.py
      hash: md5
      md5: 3be591d77aba23c05a9f96d866f11cd9
      size: 2335
    params:
      params.yaml:
        ml.dataset.valence:
          training: 0.8
          testing: 0.1
          validation: 0.1
          seed: 34280
    outs:
    - path: ml/datasets/valence
      hash: md5
      md5: 5f34957fa2b4e4557af16edc6a75ca07.dir
      size: 7288321
      nfiles: 16
  valence-train:
    cmd: python stages/ml/valence_hyper.py
    deps:
    - path: ml/datasets/valence
      hash: md5
      md5: 5f34957fa2b4e4557af16edc6a75ca07.dir
      size: 7288321
      nfiles: 16
    - path: stages/ml/valence_hyper.py
      hash: md5
      md5: 744ffb840088b5c969a857d883613401
      size: 4207
    params:
      params.yaml:
        ml.hyper.valence:
          study:
            direction: maximize
            load_if_exists: ${eval:${oc.env:NEWSUSE_OPTUNA_RESUME,1}}
            study_name: valence
          optimize:
            n_jobs: ${eval:${oc.env:NEWSUSE_OPTUNA_N_JOBS,1}}
            n_trials: ${eval:${oc.env:NEWSUSE_OPTUNA_N_TRIALS,50}}
            show_progress_bar: true
          space:
            newsuse:
              base:
                type: categorical
                choices:
                - xlm-large
              ordinal_logit_bias_scale:
                type: float
                low: 1.0
                high: 8.0
                step: 0.5
              num_shared_layers:
                type: int
                low: 0
                high: 0
              num_head_layers:
                type: int
                low: 0
                high: 4
              head_poolers:
                type: categorical
                choices:
                - true
                - false
              dropout:
                type: float
                low: 0.0
                high: 0.3
                step: 0.05
            args:
              learning_rate:
                type: float
                low: 1e-07
                high: 0.0001
                log: true
              warmup_ratio:
                type: float
                low: 0
                high: 0.5
                step: ${eval:1 / ${ml.training.arguments.num_train_epochs}}
              weight_decay:
                type: float
                low: 0
                high: 0.01
                step: 0.002
              lr_scheduler_type:
                type: categorical
                choices:
                - linear
                - cosine
                - cosine_with_restarts
              seed:
                type: categorical
                choices:
                - 923416180
                - 947936097
                - 913180696
                - 107285332
                - 325748676
                - 1364790667
                - 2894555970
                - 365673098
                - 415169889
                - 3396084250
        ml.models.valence:
          defaults:
            base: &id005 {}
            newsuse: &id006 {}
            tokenize: &id007
              padding: max_length
              truncation: true
            training: &id008
              callbacks:
              - make!: transformers:EarlyStoppingCallback
                early_stopping_patience: 2
              arguments:
                make!: transformers:TrainingArguments
                num_train_epochs: ${eval:${oc.env:NEWSUSE_NUM_TRAIN_EPOCHS,10}}
                per_device_eval_batch_size:
                  ${eval:${oc.env:NEWSUSE_PER_DEVICE_EVAL_BATCH_SIZE,32}}
                per_device_train_batch_size:
                  ${eval:${oc.env:NEWSUSE_PER_DEVICE_TRAIN_BATCH_SIZE,16}}
                learning_rate: 1e-06
                seed: 303
                gradient_checkpointing:
                  ${eval:${oc.env:NEWSUSE_GRADIENT_CHECKPOINTING,1}}
                fp16: ${eval:${oc.env:NEWSUSE_FP16,1}}
                metric_for_best_model: loss
                save_strategy: epoch
                eval_strategy: epoch
                eval_on_start: true
                logging_strategy: epoch
                load_best_model_at_end: true
                overwrite_output_dir: true
          distilbert:
            base: *id005
            newsuse: *id006
            tokenize: *id007
            training: *id008
            checkpoint: distilbert-base-multilingual-cased
          xlm-large:
            base: *id005
            newsuse: *id006
            tokenize: *id007
            training: *id008
            checkpoint: xlm-roberta-large
    outs:
    - path: data/proc/valence-hyper.parquet
      hash: md5
      md5: c47f65142dc4521c7f2917dfbd6862f2
      size: 13911
  valence-classify:
    cmd: python stages/ml/valence_classify.py
    deps:
    - path: data/proc/posts-text.parquet
      hash: md5
      md5: 14d94c180ca204d0ce849c0db6007afc
      size: 895953559
    - path: data/proc/valence-hyper.parquet
      hash: md5
      md5: c47f65142dc4521c7f2917dfbd6862f2
      size: 13911
    - path: stages/ml/valence_classify.py
      hash: md5
      md5: ee8e3aecbdd314b7410cbbec03b319e0
      size: 2661
    params:
      params.yaml:
        ml.inference:
          batch_size: ${eval:${oc.env:NEWSUSE_ML_INFERENCE_BATCH_SIZE,32}}
    outs:
    - path: data/proc/cls-valence.parquet
      hash: md5
      md5: 5f09f52729a7eea400c968720115d555
      size: 195544645
  merge-cls:
    cmd: python stages/merge_cls.py
    deps:
    - path: data/proc/cls-political.parquet
      hash: md5
      md5: 9f196269ecdb0f9bc2627534c28c13a0
      size: 64940422
    - path: data/proc/cls-valence.parquet
      hash: md5
      md5: 5f09f52729a7eea400c968720115d555
      size: 195544645
    - path: stages/merge_cls.py
      hash: md5
      md5: 078cf13d9d2bcdd2a4624d79b87cd6c5
      size: 749
    outs:
    - path: data/proc/cls.parquet
      hash: md5
      md5: 5d3e6799ca2d5232839bc98be2d8dc69
      size: 220107430
  final:
    cmd: python stages/final.py
    deps:
    - path: data/proc/cls.parquet
      hash: md5
      md5: 5d3e6799ca2d5232839bc98be2d8dc69
      size: 220107430
    - path: data/proc/dataset.parquet
      hash: md5
      md5: 57f50334b0d4b35a80efbed31627e99a
      size: 142197177
    - path: data/proc/outlet-meta.parquet
      hash: md5
      md5: dfaa52f42e1965ba8efd3ce54d90b1cf
      size: 3820
    - path: stages/final.py
      hash: md5
      md5: 047104371814d255d8870024be7db0b5
      size: 3416
    outs:
    - path: data/proc/final.parquet
      hash: md5
      md5: 6ed9fc519405c1cf0e919c444c893842
      size: 382132909
  outlet-meta:
    cmd: python stages/outlet_meta.py
    deps:
    - path: data/aux/outlet-meta.xlsx
      hash: md5
      md5: c829d7a931b44f8c61718d317534b29b
      size: 12191
    - path: stages/outlet_meta.py
      hash: md5
      md5: 36a71dcda8ce29098f1d7ae07a93ed6f
      size: 1217
    outs:
    - path: data/proc/outlet-meta.parquet
      hash: md5
      md5: dfaa52f42e1965ba8efd3ce54d90b1cf
      size: 3820
  glmm-valence@event:
    cmd:
    - TARGET=event python stages/glmm/valence.py
    - TARGET=event python stages/glmm/valence_inference.py
    - TARGET=event python analyses/glmm/valence/validation.py
    - TARGET=event python analyses/glmm/valence/event.py
    deps:
    - path: data/proc/final.parquet
      hash: md5
      md5: 6ed9fc519405c1cf0e919c444c893842
      size: 382132909
    - path: stages/glmm/valence.py
      hash: md5
      md5: feef47ca3232ef7ac671822a3dc9e30f
      size: 2481
    params:
      params.yaml:
        glmm.valence.targets.event:
          index_col: key
          predictors:
            fixed:
            - political
            - country
            - weekend
            groups:
            - outlet
            - isotime
          model:
            formula: "{target} ~ 1\n  + political * country + weekend\n  + (1 | outlet:political)\n\
              \  + (1 | country:isotime:political)\n"
            family: categorical
            link: logit
          n_threads: 4
          solver:
            algorithm: meanfield
            chains: 4
            cores: 4
            iter: 2000
            backend: cmdstanr
            control: {}
          inference:
            subsample: 250000
            ppd:
              ndraws: 250
              cores: 4
            epd:
              re_formulas:
                grand_mean: ~0
                full:
              allow_new_levels: true
              sample_new_levels: gaussian
            loglik:
              ndraws: 250
              cores: 4
            ranef:
              ndraws: 50
              cores: 4
          seed: 1289064
    outs:
    - path: glmm/valence/event-ranef.nc
      hash: md5
      md5: 09b8e2f3764f49152f98f825de6ba1b3
      size: 40051243
    - path: glmm/valence/event.nc
      hash: md5
      md5: c3f75aeae56d9f895cf3aea78cc9fc7a
      size: 656508845
    - path: glmm/valence/event.rds
      hash: md5
      md5: 6d73da7e5c6aa5ef365f157808e1c250
      size: 67132564
  glmm-valence@sentiment:
    cmd:
    - TARGET=sentiment python stages/glmm/valence.py
    - TARGET=sentiment python stages/glmm/valence_inference.py
    - TARGET=sentiment python analyses/glmm/valence/validation.py
    - TARGET=sentiment python analyses/glmm/valence/sentiment.py
    deps:
    - path: data/proc/final.parquet
      hash: md5
      md5: 6ed9fc519405c1cf0e919c444c893842
      size: 382132909
    - path: stages/glmm/valence.py
      hash: md5
      md5: feef47ca3232ef7ac671822a3dc9e30f
      size: 2481
    params:
      params.yaml:
        glmm.valence.targets.sentiment:
          index_col: key
          predictors:
            fixed:
            - political
            - country
            - weekend
            groups:
            - outlet
            - isotime
          model:
            formula: "{target} ~ 1\n  + political * country + weekend\n  + (1 | outlet:political)\n\
              \  + (1 | country:isotime:political)\n"
            family: categorical
            link: logit
          n_threads: 4
          solver:
            algorithm: meanfield
            chains: 4
            cores: 4
            iter: 2000
            backend: cmdstanr
            control: {}
          inference:
            subsample: 250000
            ppd:
              ndraws: 250
              cores: 4
            epd:
              re_formulas:
                grand_mean: ~0
                full:
              allow_new_levels: true
              sample_new_levels: gaussian
            loglik:
              ndraws: 250
              cores: 4
            ranef:
              ndraws: 50
              cores: 4
          seed: 1562896
    outs:
    - path: glmm/valence/sentiment-ranef.nc
      hash: md5
      md5: 4b6f7dec8ead22fa463a604eee0d6f94
      size: 40051243
    - path: glmm/valence/sentiment.nc
      hash: md5
      md5: ce5c1dcff16a7663c003e20ce33508f6
      size: 656983422
    - path: glmm/valence/sentiment.rds
      hash: md5
      md5: 7ce3772088bacc06c506292e5cc08ccd
      size: 67749601
  glmm-valence@valence:
    cmd:
    - TARGET=valence python stages/glmm/valence.py
    - TARGET=valence python stages/glmm/valence_inference.py
    - TARGET=valence python analyses/glmm/valence/validation.py
    - TARGET=valence python analyses/glmm/valence/valence.py
    deps:
    - path: data/proc/final.parquet
      hash: md5
      md5: 6ed9fc519405c1cf0e919c444c893842
      size: 382132909
    - path: stages/glmm/valence.py
      hash: md5
      md5: feef47ca3232ef7ac671822a3dc9e30f
      size: 2481
    params:
      params.yaml:
        glmm.valence.targets.valence:
          index_col: key
          predictors:
            fixed:
            - political
            - country
            - weekend
            groups:
            - outlet
            - isotime
          model:
            formula: "{target} ~ 1\n  + political * country + weekend\n  + (1 | outlet:political)\n\
              \  + (1 | country:isotime:political)\n"
            family: cumulative
            link: logit
          n_threads: 4
          solver:
            algorithm: meanfield
            chains: 4
            cores: 4
            iter: 2000
            backend: cmdstanr
            control: {}
          inference:
            subsample: 250000
            ppd:
              ndraws: 250
              cores: 4
            epd:
              re_formulas:
                grand_mean: ~0
                full:
              allow_new_levels: true
              sample_new_levels: gaussian
            loglik:
              ndraws: 250
              cores: 4
            ranef:
              ndraws: 50
              cores: 4
          seed: 4810391
    outs:
    - path: glmm/valence/valence-ranef.nc
      hash: md5
      md5: cde006c35a66aa990b907d336143fa8b
      size: 19753871
    - path: glmm/valence/valence.nc
      hash: md5
      md5: 7e6aec73085631599108dc452903b75d
      size: 668537764
    - path: glmm/valence/valence.rds
      hash: md5
      md5: 76145e0e5db6a0823b1d7ed8f3545e12
      size: 48883322
  descriptives@valence:
    cmd: python analyses/descriptives/valence.py
    deps:
    - path: analyses/descriptives/valence.py
      hash: md5
      md5: 19279c38376fd7de79a3a07d0dca00c0
      size: 13150
    - path: data/proc/final.parquet
      hash: md5
      md5: 6ed9fc519405c1cf0e919c444c893842
      size: 382132909
    outs:
    - path: figures/descriptives/valence
      hash: md5
      md5: 2de543ae148d58c0870987f4bb4b3e75.dir
      size: 1484063
      nfiles: 12
  descriptives@engagement:
    cmd: python analyses/descriptives/engagement.py
    deps:
    - path: analyses/descriptives/engagement.py
      hash: md5
      md5: 3044486ba65297f0e2c4c22eb23a0d25
      size: 5416
    - path: data/proc/final.parquet
      hash: md5
      md5: 6ed9fc519405c1cf0e919c444c893842
      size: 382132909
    outs:
    - path: figures/descriptives/engagement
      hash: md5
      md5: 016199f976513ad2efc782b1f316ed69.dir
      size: 58821261
      nfiles: 15
  glmm-valence-latent@event:
    cmd:
    - TARGET=event python stages/glmm/valence_latent.py
    - TARGET=event python stages/glmm/valence_latent_inference.py
    deps:
    - path: data/proc/final.parquet
      hash: md5
      md5: 6ed9fc519405c1cf0e919c444c893842
      size: 382132909
    - path: stages/glmm/valence_latent.py
      hash: md5
      md5: 5369cbb8459ff33c3c90290800579cc9
      size: 2376
    params:
      params.yaml:
        glmm.valence.targets.event_latent:
          index_col: key
          predictors:
            fixed:
            - political
            - country
            - weekend
            groups:
            - outlet
            - isotime
          model:
            formula: "{target} ~ 1\n  + political * country + weekend\n  + (1 | outlet:political)\n\
              \  + (1 | country:isotime:political)\n"
            family: mixture(gaussian, gaussian)
            link: logit
            prior:
            - normal(-2, 2), class = Intercept, dpar = mu1
            - normal(2, 2), class = Intercept, dpar = mu2
          n_threads: 4
          solver:
            algorithm: meanfield
            chains: 4
            cores: 4
            iter: 2000
            backend: cmdstanr
            control: {}
          inference:
            subsample: 250000
            ppd:
              ndraws: 250
              cores: 4
            epd:
              re_formulas:
                grand_mean: ~0
                full:
              allow_new_levels: true
              sample_new_levels: gaussian
            loglik:
              ndraws: 250
              cores: 4
            ranef:
              ndraws: 50
              cores: 4
          seed: 1289326
    outs:
    - path: glmm/valence/event-latent.rds
      hash: md5
      md5: 531f9b3622de7c3d378cd5f476fd5e70
      size: 111804228
  glmm-valence-latent@sentiment:
    cmd:
    - TARGET=sentiment python stages/glmm/valence_latent.py
    - TARGET=sentiment python stages/glmm/valence_latent_inference.py
    deps:
    - path: data/proc/final.parquet
      hash: md5
      md5: 6ed9fc519405c1cf0e919c444c893842
      size: 382132909
    - path: stages/glmm/valence_latent.py
      hash: md5
      md5: 5369cbb8459ff33c3c90290800579cc9
      size: 2376
    params:
      params.yaml:
        glmm.valence.targets.sentiment_latent:
          index_col: key
          predictors:
            fixed:
            - political
            - country
            - weekend
            groups:
            - outlet
            - isotime
          model:
            formula: "{target} ~ 1\n  + political * country + weekend\n  + (1 | outlet:political)\n\
              \  + (1 | country:isotime:political)\n"
            family: mixture(gaussian, gaussian)
            link: logit
            prior:
            - normal(-2, 2), class = Intercept, dpar = mu1
            - normal(2, 2), class = Intercept, dpar = mu2
          n_threads: 4
          solver:
            algorithm: meanfield
            chains: 4
            cores: 4
            iter: 2000
            backend: cmdstanr
            control: {}
          inference:
            subsample: 250000
            ppd:
              ndraws: 250
              cores: 4
            epd:
              re_formulas:
                grand_mean: ~0
                full:
              allow_new_levels: true
              sample_new_levels: gaussian
            loglik:
              ndraws: 250
              cores: 4
            ranef:
              ndraws: 50
              cores: 4
          seed: 1563278
    outs:
    - path: glmm/valence/sentiment-latent.rds
      hash: md5
      md5: cd9464ca29bce53b81ddd7be3e2240cf
      size: 110470923
