schema: '2.0'
stages:
  data:
    cmd: python scripts/make_data.py
    deps:
    - path: data/raw/posts-text.parquet
      hash: md5
      md5: c3987abb792d1e01eec9a456a9903e53
      size: 604106646
    - path: data/raw/posts.parquet
      hash: md5
      md5: a6a98bc3097f40a47ea151bd2043692f
      size: 247912431
    - path: scripts/make_data.py
      hash: md5
      md5: 88735a473509dc321531845265078c67
      size: 1373
    params:
      params.yaml:
        dataset.usecols:
        - key
        - country
        - name
        - timestamp
        - type
        - has_snippet
        - likes
        - reactions_LIKE
        - reactions_LOVE
        - reactions_WOW
        - reactions_HAHA
        - reactions_ANGRY
        - reactions_SAD
        - comments
        - shares
        - ini
        - post_url
    outs:
    - path: data/proc/posts-text.parquet
      hash: md5
      md5: 2e8cbbb7b6185d4ef224c2645faf093e
      size: 604129252
    - path: data/proc/posts.parquet
      hash: md5
      md5: 5d0a18be409dbb6fa851c0077864029e
      size: 271443044
  ml-datasets@political:
    cmd: python scripts/ml/make_dataset_political.py
    deps:
    - path: data/ml/political
      hash: md5
      md5: a5d2ef5ef904f208cb6a4fcb82fbc0d9.dir
      size: 1629934
      nfiles: 5
    - path: scripts/ml/make_dataset_political.py
      hash: md5
      md5: ccc1be51acf3e559d86ba42e9c227a6a
      size: 1277
    params:
      params.yaml:
        annotations.political:
          labels:
          - OTHER
          - POLITICAL
    outs:
    - path: ml/datasets/political
      hash: md5
      md5: c89ccb94348d758a91ba967fd6e8694b.dir
      size: 1945539
      nfiles: 13
  ml-datasets@negativity:
    cmd: python scripts/ml/make_dataset_negativity.py
    deps:
    - path: data/ml/negativity
      hash: md5
      md5: ccdc2baf9def5a5084436a17dd368d84.dir
      size: 984694
      nfiles: 5
    - path: scripts/ml/make_dataset_negativity.py
      hash: md5
      md5: 26f1c68e15e54d47ce5433b5c41d03f6
      size: 1461
    params:
      params.yaml:
        annotations.negativity:
          labels:
          - OTHER
          - NEGATIVE
    outs:
    - path: ml/datasets/negativity
      hash: md5
      md5: 20c91105aed3abcb53f8b2a9c3f885ec.dir
      size: 1445341
      nfiles: 10
  train@political:
    cmd: python scripts/train_political.py
    deps:
    - path: ml/datasets/political
      hash: md5
      md5: c89ccb94348d758a91ba967fd6e8694b.dir
      size: 1945539
      nfiles: 13
    - path: scripts/train_political.py
      hash: md5
      md5: 61981e9106902c7e4828ca7943210703
      size: 1663
    outs:
    - path: ml/classifiers/political
      hash: md5
      md5: e3fbdd95f6babab253d23518742cf928.dir
      size: 2256709253
      nfiles: 6
  train@negativity:
    cmd: python scripts/train_negativity.py
    deps:
    - path: ml/datasets/negativity
      hash: md5
      md5: 20c91105aed3abcb53f8b2a9c3f885ec.dir
      size: 1445341
      nfiles: 10
    - path: scripts/train_negativity.py
      hash: md5
      md5: 6ddd961bc825e70379fdbec1a9795d49
      size: 1664
    outs:
    - path: ml/classifiers/negativity
      hash: md5
      md5: 6e86a059d9b92cb3c238dfac6df279a7.dir
      size: 2256709251
      nfiles: 6
  labels@political:
    cmd: python scripts/make_labels.py --model='"political"'
    deps:
    - path: data/proc/posts-text.parquet
      hash: md5
      md5: 2e8cbbb7b6185d4ef224c2645faf093e
      size: 604129252
    - path: ml/classifiers/political
      hash: md5
      md5: e3fbdd95f6babab253d23518742cf928.dir
      size: 2256709253
      nfiles: 6
    - path: scripts/make_labels.py
      hash: md5
      md5: ce3996ca4b1674b24118b5640bc9da4e
      size: 1324
    outs:
    - path: data/proc/cls-political.parquet
      hash: md5
      md5: f6eb792a082ef42e9c530fba347c34a7
      size: 85950608
  labels@negativity:
    cmd: python scripts/make_labels.py --model='"negativity"'
    deps:
    - path: data/proc/posts-text.parquet
      hash: md5
      md5: 2e8cbbb7b6185d4ef224c2645faf093e
      size: 604129252
    - path: ml/classifiers/negativity
      hash: md5
      md5: 6e86a059d9b92cb3c238dfac6df279a7.dir
      size: 2256709251
      nfiles: 6
    - path: scripts/make_labels.py
      hash: md5
      md5: ce3996ca4b1674b24118b5640bc9da4e
      size: 1324
    outs:
    - path: data/proc/cls-negativity.parquet
      hash: md5
      md5: 1796865b2c26c90612cb157ffb23b9a3
      size: 84447475
  merge-labels:
    cmd: python scripts/merge_labels.py
    deps:
    - path: data/proc/cls-negativity.parquet
      hash: md5
      md5: 1796865b2c26c90612cb157ffb23b9a3
      size: 84447475
    - path: data/proc/cls-political.parquet
      hash: md5
      md5: f6eb792a082ef42e9c530fba347c34a7
      size: 85950608
    - path: scripts/merge_labels.py
      hash: md5
      md5: 18e7dcc810afbafa0178675c734f5e3a
      size: 765
    outs:
    - path: data/proc/cls.parquet
      hash: md5
      md5: 97e245055c57000f0e841dc7803fdf41
      size: 118261607
  daily-counts:
    cmd: python scripts/make_daily.py
    deps:
    - path: data/proc/posts.parquet
      hash: md5
      md5: e2bdc346634b17aaf92feb2795a96e37
      size: 287829916
    - path: scripts/make_daily.py
      hash: md5
      md5: d6a33610670f7c935232f20651f4ecf3
      size: 1623
    params:
      params.yaml:
        dataset.min_posts_per_day: 2
    outs:
    - path: data/proc/daily.parquet
      hash: md5
      md5: a20c755752a6c2fe1920e335e317fded
      size: 374935
  dataset:
    cmd: python scripts/make_dataset.py
    deps:
    - path: data/proc/cls.parquet
      hash: md5
      md5: 97e245055c57000f0e841dc7803fdf41
      size: 118261607
    - path: data/proc/daily.parquet
      hash: md5
      md5: 447d8ac136cb67ff2dc22da5731c6f9c
      size: 247136
    - path: data/proc/posts.parquet
      hash: md5
      md5: 5d0a18be409dbb6fa851c0077864029e
      size: 271443044
    - path: scripts/make_dataset.py
      hash: md5
      md5: 4ccf97290eb3ed73f0c9994a6ba0186f
      size: 2173
    params:
      params.yaml:
        dataset.max_decile_difference: 10.0
        dataset.min_posts_per_day: 2
    outs:
    - path: data/proc/dataset.parquet
      hash: md5
      md5: ced69356e7ad17799fda0a660e732b2b
      size: 239708427
    - path: data/proc/quality.parquet
      hash: md5
      md5: 55e1f10fc2a6905e2ebaa2974936ffd9
      size: 10981
  glmm@negativity:
    cmd: Rscript scripts/glmm_negativity.R
    deps:
    - path: data/proc/dataset.parquet
      hash: md5
      md5: ced69356e7ad17799fda0a660e732b2b
      size: 239708427
    - path: scripts/glmm_negativity.R
      hash: md5
      md5: c607e0923d38cbe470b2b334db79ac7a
      size: 2083
    outs:
    - path: models/glmm/negativity
      hash: md5
      md5: 4c462c35cf4966da350952157137cbbe.dir
      size: 333706738
      nfiles: 1
  glmm@likes:
    cmd: Rscript scripts/glmm_likes.R
    deps:
    - path: data/proc/dataset.parquet
      hash: md5
      md5: 7f21946741bf2fd92e40ddc526d259a4
      size: 238634300
    - path: scripts/glmm_likes.R
      hash: md5
      md5: 6e80b646c9adffe6ff13b9ba3eb7dc10
      size: 2374
    outs:
    - path: models/glmm/likes
      hash: md5
      md5: c89ae361596fa6c4519cb081f25d0306.dir
      size: 471941144
      nfiles: 1
  glmm@comments:
    cmd: Rscript scripts/glmm_comments.R
    deps:
    - path: data/proc/dataset.parquet
      hash: md5
      md5: ced69356e7ad17799fda0a660e732b2b
      size: 239708427
    - path: scripts/glmm_comments.R
      hash: md5
      md5: 3451aa58b989be667e4ba39c4a7426aa
      size: 2293
    outs:
    - path: models/glmm/comments
      hash: md5
      md5: 5eef25869a1bca3de8c2a22bfed0e692.dir
      size: 465867435
      nfiles: 1
  glmm@shares:
    cmd: Rscript scripts/glmm_shares.R
    deps:
    - path: data/proc/dataset.parquet
      hash: md5
      md5: ced69356e7ad17799fda0a660e732b2b
      size: 239708427
    - path: scripts/glmm_shares.R
      hash: md5
      md5: 27d2c28c8070bf470d7e243a69eb45ea
      size: 2289
    outs:
    - path: models/glmm/shares
      hash: md5
      md5: 694cc56b410528292a1f389c0474a3e0.dir
      size: 455754503
      nfiles: 1
  articles-sample:
    cmd: python scripts/make_articles_sample.py
    deps:
    - path: data/raw/articles-sample.xlsx
      hash: md5
      md5: cb4501b611be5925894c2b1985ba2b08
      size: 41840
    - path: scripts/make_articles_sample.py
      hash: md5
      md5: a5f23e61f388fbc8e1104cac8347f162
      size: 2894
    outs:
    - path: data/proc/articles-sample.parquet
      hash: md5
      md5: 3bdb6ec940d57d1f0afd2c6f5487d455
      size: 352252
  predictions:
    cmd: Rscript scripts/make_predictions.R
    deps:
    - path: data/proc/dataset.parquet
      hash: md5
      md5: ced69356e7ad17799fda0a660e732b2b
      size: 239708427
    - path: models/glmm/comments
      hash: md5
      md5: 5eef25869a1bca3de8c2a22bfed0e692.dir
      size: 465867435
      nfiles: 1
    - path: models/glmm/reactions
      hash: md5
      md5: d079c59625d17c40e15adf2f52b2538d.dir
      size: 472191537
      nfiles: 1
    - path: models/glmm/shares
      hash: md5
      md5: 694cc56b410528292a1f389c0474a3e0.dir
      size: 455754503
      nfiles: 1
    - path: scripts/make_predictions.R
      hash: md5
      md5: 121b57758cfb30260b4edf6bad5f8f19
      size: 2117
    outs:
    - path: data/proc/predictions.parquet
      hash: md5
      md5: f52fba9cd2ce8f9a5fa3c0b08f999d31
      size: 14345946
  glmm@reactions:
    cmd: Rscript scripts/glmm_reactions.R
    deps:
    - path: data/proc/dataset.parquet
      hash: md5
      md5: ced69356e7ad17799fda0a660e732b2b
      size: 239708427
    - path: scripts/glmm_reactions.R
      hash: md5
      md5: 74d6e08d5ad6f5f8e9b82f78e7ae2e23
      size: 2395
    outs:
    - path: models/glmm/reactions
      hash: md5
      md5: d079c59625d17c40e15adf2f52b2538d.dir
      size: 472191537
      nfiles: 1
  posts:
    cmd: python scripts/make_posts.py
    deps:
    - path: data/raw/posts/
      hash: md5
      md5: 7fd19c9db903de2885ce7570019a723a.dir
      size: 904062817
      nfiles: 6
    - path: scripts/make_posts.py
      hash: md5
      md5: 7d952c8dc7d4e4ccfbf4306aec520de2
      size: 2034
    outs:
    - path: data/proc/posts-text.parquet
      hash: md5
      md5: 7ca962b1817b9642169b3d42faca591a
      size: 641896606
    - path: data/proc/posts.parquet
      hash: md5
      md5: e2bdc346634b17aaf92feb2795a96e37
      size: 287829916
